{
  "name": "skhd-key-sequence-config",
  "version": "1.0.0",
  "lockfileVersion": 3,
  "requires": true,
  "packages": {
    "": {
      "name": "skhd-key-sequence-config",
      "version": "1.0.0",
      "license": "MIT",
      "dependencies": {
        "skhd-key-sequence": "github:lacherogwu/skhd-key-sequence"
      }
    },
    "node_modules/skhd-key-sequence": {
      "version": "0.0.1",
      "resolved": "git+ssh://git@github.com/lacherogwu/skhd-key-sequence.git#08076c363e1e389b5d5123b48a5c3879262106bd",
      "license": "MIT",
      "os": [
        "darwin"
      ]
    }
  }
}
